
Microsoft Visual Studio Solution File, Format Version 12.00
# Visual Studio Version 17
VisualStudioVersion = 17.4.33213.308
MinimumVisualStudioVersion = 10.0.40219.1
Project("{FAE04EC0-301F-11D3-BF4B-00C04F79EFBC}") = "gta-delivery-system", "fnf-gta\gta-delivery-system.csproj", "{C233ED7B-B06E-4ABC-AAB6-2760B83461FB}"
EndProject
Global
	GlobalSection(SolutionConfigurationPlatforms) = preSolution
		Debug|Any CPU = Debug|Any CPU
		Release|Any CPU = Release|Any CPU
	EndGlobalSection
	GlobalSection(ProjectConfigurationPlatforms) = postSolution
		{C233ED7B-B06E-4ABC-AAB6-2760B83461FB}.Debug|Any CPU.ActiveCfg = Debug|Any CPU
		{C233ED7B-B06E-4ABC-AAB6-2760B83461FB}.Debug|Any CPU.Build.0 = Debug|Any CPU
		{C233ED7B-B06E-4ABC-AAB6-2760B83461FB}.Release|Any CPU.ActiveCfg = Release|Any CPU
		{C233ED7B-B06E-4ABC-AAB6-2760B83461FB}.Release|Any CPU.Build.0 = Release|Any CPU
	EndGlobalSection
	GlobalSection(SolutionProperties) = preSolution
		HideSolutionNode = FALSE
	EndGlobalSection
	GlobalSection(ExtensibilityGlobals) = postSolution
		SolutionGuid = {B7E3151D-6BD8-48D8-9006-1292E29C1987}
	EndGlobalSection
EndGlobal
